
Microsoft Visual Studio Solution File, Format Version 12.00
# Visual Studio Version 17
VisualStudioVersion = 17.4.33205.214
MinimumVisualStudioVersion = 10.0.40219.1
Project("{8BC9CEB8-8B4A-11D0-8D11-00A0C91BC942}") = "MiernikEIM", "MiernikEIM.vcxproj", "{421826CF-668D-405E-B762-05A21FA5D474}"
EndProject
Global
	GlobalSection(SolutionConfigurationPlatforms) = preSolution
		Debug|x64 = Debug|x64
		Debug|x86 = Debug|x86
		Release|x64 = Release|x64
		Release|x86 = Release|x86
	EndGlobalSection
	GlobalSection(ProjectConfigurationPlatforms) = postSolution
		{421826CF-668D-405E-B762-05A21FA5D474}.Debug|x64.ActiveCfg = Debug|x64
		{421826CF-668D-405E-B762-05A21FA5D474}.Debug|x64.Build.0 = Debug|x64
		{421826CF-668D-405E-B762-05A21FA5D474}.Debug|x86.ActiveCfg = Debug|Win32
		{421826CF-668D-405E-B762-05A21FA5D474}.Debug|x86.Build.0 = Debug|Win32
		{421826CF-668D-405E-B762-05A21FA5D474}.Release|x64.ActiveCfg = Release|x64
		{421826CF-668D-405E-B762-05A21FA5D474}.Release|x64.Build.0 = Release|x64
		{421826CF-668D-405E-B762-05A21FA5D474}.Release|x86.ActiveCfg = Release|Win32
		{421826CF-668D-405E-B762-05A21FA5D474}.Release|x86.Build.0 = Release|Win32
	EndGlobalSection
	GlobalSection(SolutionProperties) = preSolution
		HideSolutionNode = FALSE
	EndGlobalSection
	GlobalSection(ExtensibilityGlobals) = postSolution
		SolutionGuid = {8782A967-96DF-4B7B-B4E6-A88BB97DC96F}
	EndGlobalSection
EndGlobal
